get_osm_data:
  cmd: python -m ahah.get_osm_data
  deps:
  - path: data/raw/osm_pbf
    md5: c5116bc0106eda7606024dcfa36e1a6f.dir
    size: 2712241487
    nfiles: 50
  outs:
  - path: data/processed/osm/edges.csv
    md5: 94996700f89706bb63fe765cbed3d992
    size: 777911439
  - path: data/processed/osm/nodes.csv
    md5: 82655a234c289c8658243706e49e428b
    size: 1245596418
process_data:
  cmd: python -m ahah.process_data
  deps:
  - path: data/processed/osm/nodes.csv
    md5: 82655a234c289c8658243706e49e428b
    size: 1245596418
  - path: data/raw/nhs-dent-stat-eng-19-20-anx3-act.csv
    md5: a68f3ec0f6c152f5b06b3d7646a721ec
    size: 122879281
  - path: data/raw/postcodes
    md5: c6631913c4f418f5089deab8355c4de3.dir
    size: 158967961
    nfiles: 120
  - path: data/raw/retailcentrecentroids.gpkg
    md5: ce98d2d9b5c5cff1d0076b396c096595
    size: 544768
  outs:
  - path: data/processed/dentists.csv
    md5: 5215767d9a43f0299d14e6ed76288c69
    size: 177826
  - path: data/processed/postcodes.csv
    md5: ec1cb53370467680269c21c555092175
    size: 50700211
  - path: data/processed/retail.csv
    md5: 60202c83a72beca4ac4797f229ed351e
    size: 149081
routing:
  cmd: python -m ahah.routing
  deps:
  - path: data/processed/dentists.csv
    md5: 5215767d9a43f0299d14e6ed76288c69
    size: 177826
  - path: data/processed/osm/edges.csv
    md5: 94996700f89706bb63fe765cbed3d992
    size: 777911439
  - path: data/processed/postcodes.csv
    md5: ec1cb53370467680269c21c555092175
    size: 50700211
  - path: data/processed/retail.csv
    md5: 60202c83a72beca4ac4797f229ed351e
    size: 149081
  outs:
  - path: data/out/dentists_dist.csv
    md5: f7417f1b3f915bdb9e08c23ed6ef7f7d
    size: 19136851
  - path: data/out/retail_dist.csv
    md5: 70ebb560ce711674a33e4f447673eafc
    size: 18963545
